// !$*UTF8*$!
{
	archiveVersion = 1;
	classes = {
	};
	objectVersion = 46;
	objects = {

/* Begin PBXBuildFile section */
		131AB92F1D140F710043C7E1 /* Bolts.framework in Frameworks */ = {isa = PBXBuildFile; fileRef = 131AB92C1D140F710043C7E1 /* Bolts.framework */; };
		131AB9301D140F710043C7E1 /* Parse.framework in Frameworks */ = {isa = PBXBuildFile; fileRef = 131AB92D1D140F710043C7E1 /* Parse.framework */; };
		131AB9311D140F710043C7E1 /* ParseUI.framework in Frameworks */ = {isa = PBXBuildFile; fileRef = 131AB92E1D140F710043C7E1 /* ParseUI.framework */; };
		131AB9331D140FA40043C7E1 /* AudioToolbox.framework in Frameworks */ = {isa = PBXBuildFile; fileRef = 131AB9321D140FA40043C7E1 /* AudioToolbox.framework */; };
		133026711D12E1B500F13A12 /* MyCell.swift in Sources */ = {isa = PBXBuildFile; fileRef = 1330266E1D12E1B500F13A12 /* MyCell.swift */; };
		133026721D12E1B500F13A12 /* Details.swift in Sources */ = {isa = PBXBuildFile; fileRef = 1330266F1D12E1B500F13A12 /* Details.swift */; };
		133026731D12E1B500F13A12 /* Global.swift in Sources */ = {isa = PBXBuildFile; fileRef = 133026701D12E1B500F13A12 /* Global.swift */; };
		13B6C1AA1D12A30A0009C5A3 /* dataManager.m in Sources */ = {isa = PBXBuildFile; fileRef = 13B6C1A91D12A30A0009C5A3 /* dataManager.m */; };
		13B6C1AD1D12A50B0009C5A3 /* EventDataModel.m in Sources */ = {isa = PBXBuildFile; fileRef = 13B6C1AC1D12A50B0009C5A3 /* EventDataModel.m */; };
		13D8D3231D10523200648C10 /* detailViewController.swift in Sources */ = {isa = PBXBuildFile; fileRef = 13D8D3211D10523200648C10 /* detailViewController.swift */; };
		13D8D3241D10523200648C10 /* AddViewController.swift in Sources */ = {isa = PBXBuildFile; fileRef = 13D8D3221D10523200648C10 /* AddViewController.swift */; };
		312400496D6E3E0A124EC5C2 /* Pods_cateringprojectTests.framework in Frameworks */ = {isa = PBXBuildFile; fileRef = B5E0553FEEF09237D581F805 /* Pods_cateringprojectTests.framework */; };
		585EA41C1D14F5D800C50B5B /* NotificationCenter.framework in Frameworks */ = {isa = PBXBuildFile; fileRef = 585EA41B1D14F5D800C50B5B /* NotificationCenter.framework */; };
		585EA41F1D14F5D800C50B5B /* TodayViewController.swift in Sources */ = {isa = PBXBuildFile; fileRef = 585EA41E1D14F5D800C50B5B /* TodayViewController.swift */; };
		585EA4221D14F5D800C50B5B /* MainInterface.storyboard in Resources */ = {isa = PBXBuildFile; fileRef = 585EA4201D14F5D800C50B5B /* MainInterface.storyboard */; };
		585EA4261D14F5D800C50B5B /* todayextensionclass.appex in Embed App Extensions */ = {isa = PBXBuildFile; fileRef = 585EA41A1D14F5D800C50B5B /* todayextensionclass.appex */; settings = {ATTRIBUTES = (RemoveHeadersOnCopy, ); }; };
		5893735F1D19CB6900D6C88C /* signupAdminViewController.swift in Sources */ = {isa = PBXBuildFile; fileRef = 13D8D3251D10526400648C10 /* signupAdminViewController.swift */; };
		58B4D9F41D15C16300A07CED /* DataFile.json in Resources */ = {isa = PBXBuildFile; fileRef = 58B4D9F31D15C16300A07CED /* DataFile.json */; };
		58D40A9C1D0BA40F00609730 /* AppDelegate.swift in Sources */ = {isa = PBXBuildFile; fileRef = 58D40A9B1D0BA40F00609730 /* AppDelegate.swift */; };
		58D40A9E1D0BA40F00609730 /* ViewController.swift in Sources */ = {isa = PBXBuildFile; fileRef = 58D40A9D1D0BA40F00609730 /* ViewController.swift */; };
		58D40AA11D0BA40F00609730 /* Main.storyboard in Resources */ = {isa = PBXBuildFile; fileRef = 58D40A9F1D0BA40F00609730 /* Main.storyboard */; };
		58D40AA31D0BA40F00609730 /* Assets.xcassets in Resources */ = {isa = PBXBuildFile; fileRef = 58D40AA21D0BA40F00609730 /* Assets.xcassets */; };
		58D40AA61D0BA40F00609730 /* LaunchScreen.storyboard in Resources */ = {isa = PBXBuildFile; fileRef = 58D40AA41D0BA40F00609730 /* LaunchScreen.storyboard */; };
		58D40AB11D0BA40F00609730 /* cateringprojectTests.swift in Sources */ = {isa = PBXBuildFile; fileRef = 58D40AB01D0BA40F00609730 /* cateringprojectTests.swift */; };
		58D40ABC1D0BA40F00609730 /* cateringprojectUITests.swift in Sources */ = {isa = PBXBuildFile; fileRef = 58D40ABB1D0BA40F00609730 /* cateringprojectUITests.swift */; };
		58FF323A1D0BA58800F3E23C /* GoogleService-Info.plist in Resources */ = {isa = PBXBuildFile; fileRef = 58FF32391D0BA58800F3E23C /* GoogleService-Info.plist */; };
		96DE38C280B2D93C96BA4CC1 /* Pods_cateringproject.framework in Frameworks */ = {isa = PBXBuildFile; fileRef = EF57583EC32C0B3C7E649107 /* Pods_cateringproject.framework */; };
		A2AA522D1D0D1408004AF725 /* MyCalendarViewController.swift in Sources */ = {isa = PBXBuildFile; fileRef = A2AA522C1D0D1408004AF725 /* MyCalendarViewController.swift */; };
		A5E3F3E6CE0934BA0754986E /* Pods_cateringprojectUITests.framework in Frameworks */ = {isa = PBXBuildFile; fileRef = EA96109D02B8112D99CD23EE /* Pods_cateringprojectUITests.framework */; };
/* End PBXBuildFile section */

/* Begin PBXContainerItemProxy section */
		585EA4241D14F5D800C50B5B /* PBXContainerItemProxy */ = {
			isa = PBXContainerItemProxy;
			containerPortal = 58D40A901D0BA40F00609730 /* Project object */;
			proxyType = 1;
			remoteGlobalIDString = 585EA4191D14F5D800C50B5B;
			remoteInfo = todayextensionclass;
		};
		58D40AAD1D0BA40F00609730 /* PBXContainerItemProxy */ = {
			isa = PBXContainerItemProxy;
			containerPortal = 58D40A901D0BA40F00609730 /* Project object */;
			proxyType = 1;
			remoteGlobalIDString = 58D40A971D0BA40F00609730;
			remoteInfo = cateringproject;
		};
		58D40AB81D0BA40F00609730 /* PBXContainerItemProxy */ = {
			isa = PBXContainerItemProxy;
			containerPortal = 58D40A901D0BA40F00609730 /* Project object */;
			proxyType = 1;
			remoteGlobalIDString = 58D40A971D0BA40F00609730;
			remoteInfo = cateringproject;
		};
/* End PBXContainerItemProxy section */

/* Begin PBXCopyFilesBuildPhase section */
		585EA42A1D14F5D800C50B5B /* Embed App Extensions */ = {
			isa = PBXCopyFilesBuildPhase;
			buildActionMask = 2147483647;
			dstPath = "";
			dstSubfolderSpec = 13;
			files = (
				585EA4261D14F5D800C50B5B /* todayextensionclass.appex in Embed App Extensions */,
			);
			name = "Embed App Extensions";
			runOnlyForDeploymentPostprocessing = 0;
		};
/* End PBXCopyFilesBuildPhase section */

/* Begin PBXFileReference section */
		131AB92C1D140F710043C7E1 /* Bolts.framework */ = {isa = PBXFileReference; lastKnownFileType = wrapper.framework; path = Bolts.framework; sourceTree = "<group>"; };
		131AB92D1D140F710043C7E1 /* Parse.framework */ = {isa = PBXFileReference; lastKnownFileType = wrapper.framework; path = Parse.framework; sourceTree = "<group>"; };
		131AB92E1D140F710043C7E1 /* ParseUI.framework */ = {isa = PBXFileReference; lastKnownFileType = wrapper.framework; path = ParseUI.framework; sourceTree = "<group>"; };
		131AB9321D140FA40043C7E1 /* AudioToolbox.framework */ = {isa = PBXFileReference; lastKnownFileType = wrapper.framework; name = AudioToolbox.framework; path = System/Library/Frameworks/AudioToolbox.framework; sourceTree = SDKROOT; };
		1330266E1D12E1B500F13A12 /* MyCell.swift */ = {isa = PBXFileReference; fileEncoding = 4; lastKnownFileType = sourcecode.swift; path = MyCell.swift; sourceTree = "<group>"; };
		1330266F1D12E1B500F13A12 /* Details.swift */ = {isa = PBXFileReference; fileEncoding = 4; lastKnownFileType = sourcecode.swift; path = Details.swift; sourceTree = "<group>"; };
		133026701D12E1B500F13A12 /* Global.swift */ = {isa = PBXFileReference; fileEncoding = 4; lastKnownFileType = sourcecode.swift; path = Global.swift; sourceTree = "<group>"; };
		13B6C1A81D12A30A0009C5A3 /* dataManager.h */ = {isa = PBXFileReference; fileEncoding = 4; lastKnownFileType = sourcecode.c.h; path = dataManager.h; sourceTree = "<group>"; };
		13B6C1A91D12A30A0009C5A3 /* dataManager.m */ = {isa = PBXFileReference; fileEncoding = 4; lastKnownFileType = sourcecode.c.objc; path = dataManager.m; sourceTree = "<group>"; };
		13B6C1AB1D12A50B0009C5A3 /* EventDataModel.h */ = {isa = PBXFileReference; fileEncoding = 4; lastKnownFileType = sourcecode.c.h; path = EventDataModel.h; sourceTree = "<group>"; };
		13B6C1AC1D12A50B0009C5A3 /* EventDataModel.m */ = {isa = PBXFileReference; fileEncoding = 4; lastKnownFileType = sourcecode.c.objc; path = EventDataModel.m; sourceTree = "<group>"; };
		13D8D3211D10523200648C10 /* detailViewController.swift */ = {isa = PBXFileReference; fileEncoding = 4; lastKnownFileType = sourcecode.swift; path = detailViewController.swift; sourceTree = "<group>"; };
		13D8D3221D10523200648C10 /* AddViewController.swift */ = {isa = PBXFileReference; fileEncoding = 4; lastKnownFileType = sourcecode.swift; path = AddViewController.swift; sourceTree = "<group>"; };
		13D8D3251D10526400648C10 /* signupAdminViewController.swift */ = {isa = PBXFileReference; fileEncoding = 4; lastKnownFileType = sourcecode.swift; path = signupAdminViewController.swift; sourceTree = "<group>"; };
		3D8C96EFEA330F1395195349 /* Pods-cateringproject.release.xcconfig */ = {isa = PBXFileReference; includeInIndex = 1; lastKnownFileType = text.xcconfig; name = "Pods-cateringproject.release.xcconfig"; path = "Pods/Target Support Files/Pods-cateringproject/Pods-cateringproject.release.xcconfig"; sourceTree = "<group>"; };
		49454F89D59D2A4024666DFB /* Pods-cateringprojectUITests.release.xcconfig */ = {isa = PBXFileReference; includeInIndex = 1; lastKnownFileType = text.xcconfig; name = "Pods-cateringprojectUITests.release.xcconfig"; path = "Pods/Target Support Files/Pods-cateringprojectUITests/Pods-cateringprojectUITests.release.xcconfig"; sourceTree = "<group>"; };
		585EA41A1D14F5D800C50B5B /* todayextensionclass.appex */ = {isa = PBXFileReference; explicitFileType = "wrapper.app-extension"; includeInIndex = 0; path = todayextensionclass.appex; sourceTree = BUILT_PRODUCTS_DIR; };
		585EA41B1D14F5D800C50B5B /* NotificationCenter.framework */ = {isa = PBXFileReference; lastKnownFileType = wrapper.framework; name = NotificationCenter.framework; path = System/Library/Frameworks/NotificationCenter.framework; sourceTree = SDKROOT; };
		585EA41E1D14F5D800C50B5B /* TodayViewController.swift */ = {isa = PBXFileReference; lastKnownFileType = sourcecode.swift; path = TodayViewController.swift; sourceTree = "<group>"; };
		585EA4211D14F5D800C50B5B /* Base */ = {isa = PBXFileReference; lastKnownFileType = file.storyboard; name = Base; path = Base.lproj/MainInterface.storyboard; sourceTree = "<group>"; };
		585EA4231D14F5D800C50B5B /* Info.plist */ = {isa = PBXFileReference; lastKnownFileType = text.plist.xml; path = Info.plist; sourceTree = "<group>"; };
		588485771D165ACA003C559F /* todayextensionclass.entitlements */ = {isa = PBXFileReference; lastKnownFileType = text.xml; name = todayextensionclass.entitlements; path = todayextensionclass/todayextensionclass.entitlements; sourceTree = "<group>"; };
		58B4D9F31D15C16300A07CED /* DataFile.json */ = {isa = PBXFileReference; fileEncoding = 4; lastKnownFileType = text.json; path = DataFile.json; sourceTree = "<group>"; };
		58B4D9F51D15C1C100A07CED /* cateringproject.entitlements */ = {isa = PBXFileReference; lastKnownFileType = text.xml; path = cateringproject.entitlements; sourceTree = "<group>"; };
		58D40A981D0BA40F00609730 /* cateringproject.app */ = {isa = PBXFileReference; explicitFileType = wrapper.application; includeInIndex = 0; path = cateringproject.app; sourceTree = BUILT_PRODUCTS_DIR; };
		58D40A9B1D0BA40F00609730 /* AppDelegate.swift */ = {isa = PBXFileReference; lastKnownFileType = sourcecode.swift; path = AppDelegate.swift; sourceTree = "<group>"; };
		58D40A9D1D0BA40F00609730 /* ViewController.swift */ = {isa = PBXFileReference; lastKnownFileType = sourcecode.swift; path = ViewController.swift; sourceTree = "<group>"; };
		58D40AA01D0BA40F00609730 /* Base */ = {isa = PBXFileReference; lastKnownFileType = file.storyboard; name = Base; path = Base.lproj/Main.storyboard; sourceTree = "<group>"; };
		58D40AA21D0BA40F00609730 /* Assets.xcassets */ = {isa = PBXFileReference; lastKnownFileType = folder.assetcatalog; path = Assets.xcassets; sourceTree = "<group>"; };
		58D40AA51D0BA40F00609730 /* Base */ = {isa = PBXFileReference; lastKnownFileType = file.storyboard; name = Base; path = Base.lproj/LaunchScreen.storyboard; sourceTree = "<group>"; };
		58D40AA71D0BA40F00609730 /* Info.plist */ = {isa = PBXFileReference; lastKnownFileType = text.plist.xml; path = Info.plist; sourceTree = "<group>"; };
		58D40AAC1D0BA40F00609730 /* cateringprojectTests.xctest */ = {isa = PBXFileReference; explicitFileType = wrapper.cfbundle; includeInIndex = 0; path = cateringprojectTests.xctest; sourceTree = BUILT_PRODUCTS_DIR; };
		58D40AB01D0BA40F00609730 /* cateringprojectTests.swift */ = {isa = PBXFileReference; lastKnownFileType = sourcecode.swift; path = cateringprojectTests.swift; sourceTree = "<group>"; };
		58D40AB21D0BA40F00609730 /* Info.plist */ = {isa = PBXFileReference; lastKnownFileType = text.plist.xml; path = Info.plist; sourceTree = "<group>"; };
		58D40AB71D0BA40F00609730 /* cateringprojectUITests.xctest */ = {isa = PBXFileReference; explicitFileType = wrapper.cfbundle; includeInIndex = 0; path = cateringprojectUITests.xctest; sourceTree = BUILT_PRODUCTS_DIR; };
		58D40ABB1D0BA40F00609730 /* cateringprojectUITests.swift */ = {isa = PBXFileReference; lastKnownFileType = sourcecode.swift; path = cateringprojectUITests.swift; sourceTree = "<group>"; };
		58D40ABD1D0BA40F00609730 /* Info.plist */ = {isa = PBXFileReference; lastKnownFileType = text.plist.xml; path = Info.plist; sourceTree = "<group>"; };
		58FF32391D0BA58800F3E23C /* GoogleService-Info.plist */ = {isa = PBXFileReference; fileEncoding = 4; lastKnownFileType = text.plist.xml; path = "GoogleService-Info.plist"; sourceTree = "<group>"; };
		58FF323C1D0BA69C00F3E23C /* cateringproject-Bridging-Header.h */ = {isa = PBXFileReference; lastKnownFileType = sourcecode.c.h; path = "cateringproject-Bridging-Header.h"; sourceTree = "<group>"; };
		66A08C73C3F854925C300214 /* Pods-cateringprojectUITests.debug.xcconfig */ = {isa = PBXFileReference; includeInIndex = 1; lastKnownFileType = text.xcconfig; name = "Pods-cateringprojectUITests.debug.xcconfig"; path = "Pods/Target Support Files/Pods-cateringprojectUITests/Pods-cateringprojectUITests.debug.xcconfig"; sourceTree = "<group>"; };
		686D2A8BD0E0264DE54B2227 /* Pods-cateringprojectTests.release.xcconfig */ = {isa = PBXFileReference; includeInIndex = 1; lastKnownFileType = text.xcconfig; name = "Pods-cateringprojectTests.release.xcconfig"; path = "Pods/Target Support Files/Pods-cateringprojectTests/Pods-cateringprojectTests.release.xcconfig"; sourceTree = "<group>"; };
		A2AA522C1D0D1408004AF725 /* MyCalendarViewController.swift */ = {isa = PBXFileReference; fileEncoding = 4; lastKnownFileType = sourcecode.swift; path = MyCalendarViewController.swift; sourceTree = "<group>"; };
		B44EA57404FA6860030D82C2 /* Pods-cateringprojectTests.debug.xcconfig */ = {isa = PBXFileReference; includeInIndex = 1; lastKnownFileType = text.xcconfig; name = "Pods-cateringprojectTests.debug.xcconfig"; path = "Pods/Target Support Files/Pods-cateringprojectTests/Pods-cateringprojectTests.debug.xcconfig"; sourceTree = "<group>"; };
		B5E0553FEEF09237D581F805 /* Pods_cateringprojectTests.framework */ = {isa = PBXFileReference; explicitFileType = wrapper.framework; includeInIndex = 0; path = Pods_cateringprojectTests.framework; sourceTree = BUILT_PRODUCTS_DIR; };
		D6B8D8A0E01FDC13B6A8D4AF /* Pods-cateringproject.debug.xcconfig */ = {isa = PBXFileReference; includeInIndex = 1; lastKnownFileType = text.xcconfig; name = "Pods-cateringproject.debug.xcconfig"; path = "Pods/Target Support Files/Pods-cateringproject/Pods-cateringproject.debug.xcconfig"; sourceTree = "<group>"; };
		EA96109D02B8112D99CD23EE /* Pods_cateringprojectUITests.framework */ = {isa = PBXFileReference; explicitFileType = wrapper.framework; includeInIndex = 0; path = Pods_cateringprojectUITests.framework; sourceTree = BUILT_PRODUCTS_DIR; };
		EF57583EC32C0B3C7E649107 /* Pods_cateringproject.framework */ = {isa = PBXFileReference; explicitFileType = wrapper.framework; includeInIndex = 0; path = Pods_cateringproject.framework; sourceTree = BUILT_PRODUCTS_DIR; };
/* End PBXFileReference section */

/* Begin PBXFrameworksBuildPhase section */
		585EA4171D14F5D800C50B5B /* Frameworks */ = {
			isa = PBXFrameworksBuildPhase;
			buildActionMask = 2147483647;
			files = (
				585EA41C1D14F5D800C50B5B /* NotificationCenter.framework in Frameworks */,
			);
			runOnlyForDeploymentPostprocessing = 0;
		};
		58D40A951D0BA40F00609730 /* Frameworks */ = {
			isa = PBXFrameworksBuildPhase;
			buildActionMask = 2147483647;
			files = (
				131AB9331D140FA40043C7E1 /* AudioToolbox.framework in Frameworks */,
				96DE38C280B2D93C96BA4CC1 /* Pods_cateringproject.framework in Frameworks */,
				131AB9301D140F710043C7E1 /* Parse.framework in Frameworks */,
				131AB9311D140F710043C7E1 /* ParseUI.framework in Frameworks */,
				131AB92F1D140F710043C7E1 /* Bolts.framework in Frameworks */,
			);
			runOnlyForDeploymentPostprocessing = 0;
		};
		58D40AA91D0BA40F00609730 /* Frameworks */ = {
			isa = PBXFrameworksBuildPhase;
			buildActionMask = 2147483647;
			files = (
				312400496D6E3E0A124EC5C2 /* Pods_cateringprojectTests.framework in Frameworks */,
			);
			runOnlyForDeploymentPostprocessing = 0;
		};
		58D40AB41D0BA40F00609730 /* Frameworks */ = {
			isa = PBXFrameworksBuildPhase;
			buildActionMask = 2147483647;
			files = (
				A5E3F3E6CE0934BA0754986E /* Pods_cateringprojectUITests.framework in Frameworks */,
			);
			runOnlyForDeploymentPostprocessing = 0;
		};
/* End PBXFrameworksBuildPhase section */

/* Begin PBXGroup section */
		27D87E8E6CF3AE61AA61B65A /* Pods */ = {
			isa = PBXGroup;
			children = (
				D6B8D8A0E01FDC13B6A8D4AF /* Pods-cateringproject.debug.xcconfig */,
				3D8C96EFEA330F1395195349 /* Pods-cateringproject.release.xcconfig */,
				B44EA57404FA6860030D82C2 /* Pods-cateringprojectTests.debug.xcconfig */,
				686D2A8BD0E0264DE54B2227 /* Pods-cateringprojectTests.release.xcconfig */,
				66A08C73C3F854925C300214 /* Pods-cateringprojectUITests.debug.xcconfig */,
				49454F89D59D2A4024666DFB /* Pods-cateringprojectUITests.release.xcconfig */,
			);
			name = Pods;
			sourceTree = "<group>";
		};
		585EA41D1D14F5D800C50B5B /* Today's Order */ = {
			isa = PBXGroup;
			children = (
				585EA41E1D14F5D800C50B5B /* TodayViewController.swift */,
				585EA4201D14F5D800C50B5B /* MainInterface.storyboard */,
				585EA4231D14F5D800C50B5B /* Info.plist */,
			);
			name = "Today's Order";
			path = todayextensionclass;
			sourceTree = "<group>";
		};
		58D40A8F1D0BA40F00609730 = {
			isa = PBXGroup;
			children = (
				588485771D165ACA003C559F /* todayextensionclass.entitlements */,
				131AB92C1D140F710043C7E1 /* Bolts.framework */,
				131AB92D1D140F710043C7E1 /* Parse.framework */,
				131AB92E1D140F710043C7E1 /* ParseUI.framework */,
				58D40A9A1D0BA40F00609730 /* cateringproject */,
				58D40AAF1D0BA40F00609730 /* cateringprojectTests */,
				58D40ABA1D0BA40F00609730 /* cateringprojectUITests */,
				585EA41D1D14F5D800C50B5B /* Today's Order */,
				58D40A991D0BA40F00609730 /* Products */,
				27D87E8E6CF3AE61AA61B65A /* Pods */,
				C8A9BDA593279EFF285B6D9B /* Frameworks */,
			);
			sourceTree = "<group>";
		};
		58D40A991D0BA40F00609730 /* Products */ = {
			isa = PBXGroup;
			children = (
				58D40A981D0BA40F00609730 /* cateringproject.app */,
				58D40AAC1D0BA40F00609730 /* cateringprojectTests.xctest */,
				58D40AB71D0BA40F00609730 /* cateringprojectUITests.xctest */,
				585EA41A1D14F5D800C50B5B /* todayextensionclass.appex */,
			);
			name = Products;
			sourceTree = "<group>";
		};
		58D40A9A1D0BA40F00609730 /* cateringproject */ = {
			isa = PBXGroup;
			children = (
				58B4D9F51D15C1C100A07CED /* cateringproject.entitlements */,
				58D40A9B1D0BA40F00609730 /* AppDelegate.swift */,
				58B4D9F31D15C16300A07CED /* DataFile.json */,
				58D40A9D1D0BA40F00609730 /* ViewController.swift */,
				13D8D3251D10526400648C10 /* signupAdminViewController.swift */,
				A2AA522C1D0D1408004AF725 /* MyCalendarViewController.swift */,
				13D8D3211D10523200648C10 /* detailViewController.swift */,
				13D8D3221D10523200648C10 /* AddViewController.swift */,
				1330266E1D12E1B500F13A12 /* MyCell.swift */,
				1330266F1D12E1B500F13A12 /* Details.swift */,
				133026701D12E1B500F13A12 /* Global.swift */,
				58D40A9F1D0BA40F00609730 /* Main.storyboard */,
				58D40AA21D0BA40F00609730 /* Assets.xcassets */,
				58D40AA41D0BA40F00609730 /* LaunchScreen.storyboard */,
				58D40AA71D0BA40F00609730 /* Info.plist */,
				58FF32391D0BA58800F3E23C /* GoogleService-Info.plist */,
				58FF323C1D0BA69C00F3E23C /* cateringproject-Bridging-Header.h */,
				13B6C1A81D12A30A0009C5A3 /* dataManager.h */,
				13B6C1A91D12A30A0009C5A3 /* dataManager.m */,
				13B6C1AB1D12A50B0009C5A3 /* EventDataModel.h */,
				13B6C1AC1D12A50B0009C5A3 /* EventDataModel.m */,
			);
			path = cateringproject;
			sourceTree = "<group>";
		};
		58D40AAF1D0BA40F00609730 /* cateringprojectTests */ = {
			isa = PBXGroup;
			children = (
				58D40AB01D0BA40F00609730 /* cateringprojectTests.swift */,
				58D40AB21D0BA40F00609730 /* Info.plist */,
			);
			path = cateringprojectTests;
			sourceTree = "<group>";
		};
		58D40ABA1D0BA40F00609730 /* cateringprojectUITests */ = {
			isa = PBXGroup;
			children = (
				58D40ABB1D0BA40F00609730 /* cateringprojectUITests.swift */,
				58D40ABD1D0BA40F00609730 /* Info.plist */,
			);
			path = cateringprojectUITests;
			sourceTree = "<group>";
		};
		C8A9BDA593279EFF285B6D9B /* Frameworks */ = {
			isa = PBXGroup;
			children = (
				131AB9321D140FA40043C7E1 /* AudioToolbox.framework */,
				EF57583EC32C0B3C7E649107 /* Pods_cateringproject.framework */,
				B5E0553FEEF09237D581F805 /* Pods_cateringprojectTests.framework */,
				EA96109D02B8112D99CD23EE /* Pods_cateringprojectUITests.framework */,
				585EA41B1D14F5D800C50B5B /* NotificationCenter.framework */,
			);
			name = Frameworks;
			sourceTree = "<group>";
		};
/* End PBXGroup section */

/* Begin PBXNativeTarget section */
		585EA4191D14F5D800C50B5B /* todayextensionclass */ = {
			isa = PBXNativeTarget;
			buildConfigurationList = 585EA4291D14F5D800C50B5B /* Build configuration list for PBXNativeTarget "todayextensionclass" */;
			buildPhases = (
				585EA4161D14F5D800C50B5B /* Sources */,
				585EA4171D14F5D800C50B5B /* Frameworks */,
				585EA4181D14F5D800C50B5B /* Resources */,
			);
			buildRules = (
			);
			dependencies = (
			);
			name = todayextensionclass;
			productName = todayextensionclass;
			productReference = 585EA41A1D14F5D800C50B5B /* todayextensionclass.appex */;
			productType = "com.apple.product-type.app-extension";
		};
		58D40A971D0BA40F00609730 /* cateringproject */ = {
			isa = PBXNativeTarget;
			buildConfigurationList = 58D40AC01D0BA40F00609730 /* Build configuration list for PBXNativeTarget "cateringproject" */;
			buildPhases = (
				452F418B5D25DC6C9A5BC124 /* [CP] Check Pods Manifest.lock */,
				58D40A941D0BA40F00609730 /* Sources */,
				58D40A951D0BA40F00609730 /* Frameworks */,
				58D40A961D0BA40F00609730 /* Resources */,
				7556ACC6B101F575E7B7ABA6 /* [CP] Embed Pods Frameworks */,
				F22A47CC5A6FE57D83318532 /* [CP] Copy Pods Resources */,
				585EA42A1D14F5D800C50B5B /* Embed App Extensions */,
			);
			buildRules = (
			);
			dependencies = (
				585EA4251D14F5D800C50B5B /* PBXTargetDependency */,
			);
			name = cateringproject;
			productName = cateringproject;
			productReference = 58D40A981D0BA40F00609730 /* cateringproject.app */;
			productType = "com.apple.product-type.application";
		};
		58D40AAB1D0BA40F00609730 /* cateringprojectTests */ = {
			isa = PBXNativeTarget;
			buildConfigurationList = 58D40AC31D0BA40F00609730 /* Build configuration list for PBXNativeTarget "cateringprojectTests" */;
			buildPhases = (
				83631AD5FE5B572AAC7DAAA8 /* [CP] Check Pods Manifest.lock */,
				58D40AA81D0BA40F00609730 /* Sources */,
				58D40AA91D0BA40F00609730 /* Frameworks */,
				58D40AAA1D0BA40F00609730 /* Resources */,
				1C67DEC5C066700E4CA6E292 /* [CP] Embed Pods Frameworks */,
				A2D50188E8697004FF0EEBF8 /* [CP] Copy Pods Resources */,
			);
			buildRules = (
			);
			dependencies = (
				58D40AAE1D0BA40F00609730 /* PBXTargetDependency */,
			);
			name = cateringprojectTests;
			productName = cateringprojectTests;
			productReference = 58D40AAC1D0BA40F00609730 /* cateringprojectTests.xctest */;
			productType = "com.apple.product-type.bundle.unit-test";
		};
		58D40AB61D0BA40F00609730 /* cateringprojectUITests */ = {
			isa = PBXNativeTarget;
			buildConfigurationList = 58D40AC61D0BA40F00609730 /* Build configuration list for PBXNativeTarget "cateringprojectUITests" */;
			buildPhases = (
				C1BF409036C48A33B67C0003 /* [CP] Check Pods Manifest.lock */,
				58D40AB31D0BA40F00609730 /* Sources */,
				58D40AB41D0BA40F00609730 /* Frameworks */,
				58D40AB51D0BA40F00609730 /* Resources */,
				AC68B2E8232AAA559BBA9F5B /* [CP] Copy Pods Resources */,
			);
			buildRules = (
			);
			dependencies = (
				58D40AB91D0BA40F00609730 /* PBXTargetDependency */,
			);
			name = cateringprojectUITests;
			productName = cateringprojectUITests;
			productReference = 58D40AB71D0BA40F00609730 /* cateringprojectUITests.xctest */;
			productType = "com.apple.product-type.bundle.ui-testing";
		};
/* End PBXNativeTarget section */

/* Begin PBXProject section */
		58D40A901D0BA40F00609730 /* Project object */ = {
			isa = PBXProject;
			attributes = {
				LastSwiftUpdateCheck = 0730;
				LastUpgradeCheck = 0730;
				ORGANIZATIONNAME = "Amith Kumar Aellanki";
				TargetAttributes = {
					585EA4191D14F5D800C50B5B = {
						CreatedOnToolsVersion = 7.3.1;
						DevelopmentTeam = X4G86U4QPV;
						SystemCapabilities = {
							com.apple.ApplicationGroups.iOS = {
								enabled = 1;
							};
						};
					};
					58D40A971D0BA40F00609730 = {
						CreatedOnToolsVersion = 7.3.1;
						DevelopmentTeam = X4G86U4QPV;
						SystemCapabilities = {
							com.apple.ApplicationGroups.iOS = {
								enabled = 1;
							};
						};
					};
					58D40AAB1D0BA40F00609730 = {
						CreatedOnToolsVersion = 7.3.1;
						TestTargetID = 58D40A971D0BA40F00609730;
					};
					58D40AB61D0BA40F00609730 = {
						CreatedOnToolsVersion = 7.3.1;
						TestTargetID = 58D40A971D0BA40F00609730;
					};
				};
			};
			buildConfigurationList = 58D40A931D0BA40F00609730 /* Build configuration list for PBXProject "cateringproject" */;
			compatibilityVersion = "Xcode 3.2";
			developmentRegion = English;
			hasScannedForEncodings = 0;
			knownRegions = (
				en,
				Base,
			);
			mainGroup = 58D40A8F1D0BA40F00609730;
			productRefGroup = 58D40A991D0BA40F00609730 /* Products */;
			projectDirPath = "";
			projectRoot = "";
			targets = (
				58D40A971D0BA40F00609730 /* cateringproject */,
				58D40AAB1D0BA40F00609730 /* cateringprojectTests */,
				58D40AB61D0BA40F00609730 /* cateringprojectUITests */,
				585EA4191D14F5D800C50B5B /* todayextensionclass */,
			);
		};
/* End PBXProject section */

/* Begin PBXResourcesBuildPhase section */
		585EA4181D14F5D800C50B5B /* Resources */ = {
			isa = PBXResourcesBuildPhase;
			buildActionMask = 2147483647;
			files = (
				585EA4221D14F5D800C50B5B /* MainInterface.storyboard in Resources */,
			);
			runOnlyForDeploymentPostprocessing = 0;
		};
		58D40A961D0BA40F00609730 /* Resources */ = {
			isa = PBXResourcesBuildPhase;
			buildActionMask = 2147483647;
			files = (
				58D40AA61D0BA40F00609730 /* LaunchScreen.storyboard in Resources */,
				58FF323A1D0BA58800F3E23C /* GoogleService-Info.plist in Resources */,
				58B4D9F41D15C16300A07CED /* DataFile.json in Resources */,
				58D40AA31D0BA40F00609730 /* Assets.xcassets in Resources */,
				58D40AA11D0BA40F00609730 /* Main.storyboard in Resources */,
			);
			runOnlyForDeploymentPostprocessing = 0;
		};
		58D40AAA1D0BA40F00609730 /* Resources */ = {
			isa = PBXResourcesBuildPhase;
			buildActionMask = 2147483647;
			files = (
			);
			runOnlyForDeploymentPostprocessing = 0;
		};
		58D40AB51D0BA40F00609730 /* Resources */ = {
			isa = PBXResourcesBuildPhase;
			buildActionMask = 2147483647;
			files = (
			);
			runOnlyForDeploymentPostprocessing = 0;
		};
/* End PBXResourcesBuildPhase section */

/* Begin PBXShellScriptBuildPhase section */
		1C67DEC5C066700E4CA6E292 /* [CP] Embed Pods Frameworks */ = {
			isa = PBXShellScriptBuildPhase;
			buildActionMask = 2147483647;
			files = (
			);
			inputPaths = (
			);
			name = "[CP] Embed Pods Frameworks";
			outputPaths = (
			);
			runOnlyForDeploymentPostprocessing = 0;
			shellPath = /bin/sh;
			shellScript = "\"${SRCROOT}/Pods/Target Support Files/Pods-cateringprojectTests/Pods-cateringprojectTests-frameworks.sh\"\n";
			showEnvVarsInLog = 0;
		};
		452F418B5D25DC6C9A5BC124 /* [CP] Check Pods Manifest.lock */ = {
			isa = PBXShellScriptBuildPhase;
			buildActionMask = 2147483647;
			files = (
			);
			inputPaths = (
			);
			name = "[CP] Check Pods Manifest.lock";
			outputPaths = (
			);
			runOnlyForDeploymentPostprocessing = 0;
			shellPath = /bin/sh;
			shellScript = "diff \"${PODS_ROOT}/../Podfile.lock\" \"${PODS_ROOT}/Manifest.lock\" > /dev/null\nif [[ $? != 0 ]] ; then\n    cat << EOM\nerror: The sandbox is not in sync with the Podfile.lock. Run 'pod install' or update your CocoaPods installation.\nEOM\n    exit 1\nfi\n";
			showEnvVarsInLog = 0;
		};
		7556ACC6B101F575E7B7ABA6 /* [CP] Embed Pods Frameworks */ = {
			isa = PBXShellScriptBuildPhase;
			buildActionMask = 2147483647;
			files = (
			);
			inputPaths = (
			);
			name = "[CP] Embed Pods Frameworks";
			outputPaths = (
			);
			runOnlyForDeploymentPostprocessing = 0;
			shellPath = /bin/sh;
			shellScript = "\"${SRCROOT}/Pods/Target Support Files/Pods-cateringproject/Pods-cateringproject-frameworks.sh\"\n";
			showEnvVarsInLog = 0;
		};
		83631AD5FE5B572AAC7DAAA8 /* [CP] Check Pods Manifest.lock */ = {
			isa = PBXShellScriptBuildPhase;
			buildActionMask = 2147483647;
			files = (
			);
			inputPaths = (
			);
			name = "[CP] Check Pods Manifest.lock";
			outputPaths = (
			);
			runOnlyForDeploymentPostprocessing = 0;
			shellPath = /bin/sh;
			shellScript = "diff \"${PODS_ROOT}/../Podfile.lock\" \"${PODS_ROOT}/Manifest.lock\" > /dev/null\nif [[ $? != 0 ]] ; then\n    cat << EOM\nerror: The sandbox is not in sync with the Podfile.lock. Run 'pod install' or update your CocoaPods installation.\nEOM\n    exit 1\nfi\n";
			showEnvVarsInLog = 0;
		};
		A2D50188E8697004FF0EEBF8 /* [CP] Copy Pods Resources */ = {
			isa = PBXShellScriptBuildPhase;
			buildActionMask = 2147483647;
			files = (
			);
			inputPaths = (
			);
			name = "[CP] Copy Pods Resources";
			outputPaths = (
			);
			runOnlyForDeploymentPostprocessing = 0;
			shellPath = /bin/sh;
			shellScript = "\"${SRCROOT}/Pods/Target Support Files/Pods-cateringprojectTests/Pods-cateringprojectTests-resources.sh\"\n";
			showEnvVarsInLog = 0;
		};
		AC68B2E8232AAA559BBA9F5B /* [CP] Copy Pods Resources */ = {
			isa = PBXShellScriptBuildPhase;
			buildActionMask = 2147483647;
			files = (
			);
			inputPaths = (
			);
			name = "[CP] Copy Pods Resources";
			outputPaths = (
			);
			runOnlyForDeploymentPostprocessing = 0;
			shellPath = /bin/sh;
			shellScript = "\"${SRCROOT}/Pods/Target Support Files/Pods-cateringprojectUITests/Pods-cateringprojectUITests-resources.sh\"\n";
			showEnvVarsInLog = 0;
		};
		C1BF409036C48A33B67C0003 /* [CP] Check Pods Manifest.lock */ = {
			isa = PBXShellScriptBuildPhase;
			buildActionMask = 2147483647;
			files = (
			);
			inputPaths = (
			);
			name = "[CP] Check Pods Manifest.lock";
			outputPaths = (
			);
			runOnlyForDeploymentPostprocessing = 0;
			shellPath = /bin/sh;
			shellScript = "diff \"${PODS_ROOT}/../Podfile.lock\" \"${PODS_ROOT}/Manifest.lock\" > /dev/null\nif [[ $? != 0 ]] ; then\n    cat << EOM\nerror: The sandbox is not in sync with the Podfile.lock. Run 'pod install' or update your CocoaPods installation.\nEOM\n    exit 1\nfi\n";
			showEnvVarsInLog = 0;
		};
		F22A47CC5A6FE57D83318532 /* [CP] Copy Pods Resources */ = {
			isa = PBXShellScriptBuildPhase;
			buildActionMask = 2147483647;
			files = (
			);
			inputPaths = (
			);
			name = "[CP] Copy Pods Resources";
			outputPaths = (
			);
			runOnlyForDeploymentPostprocessing = 0;
			shellPath = /bin/sh;
			shellScript = "\"${SRCROOT}/Pods/Target Support Files/Pods-cateringproject/Pods-cateringproject-resources.sh\"\n";
			showEnvVarsInLog = 0;
		};
/* End PBXShellScriptBuildPhase section */

/* Begin PBXSourcesBuildPhase section */
		585EA4161D14F5D800C50B5B /* Sources */ = {
			isa = PBXSourcesBuildPhase;
			buildActionMask = 2147483647;
			files = (
				585EA41F1D14F5D800C50B5B /* TodayViewController.swift in Sources */,
			);
			runOnlyForDeploymentPostprocessing = 0;
		};
		58D40A941D0BA40F00609730 /* Sources */ = {
			isa = PBXSourcesBuildPhase;
			buildActionMask = 2147483647;
			files = (
				13D8D3241D10523200648C10 /* AddViewController.swift in Sources */,
				58D40A9E1D0BA40F00609730 /* ViewController.swift in Sources */,
				13B6C1AD1D12A50B0009C5A3 /* EventDataModel.m in Sources */,
				A2AA522D1D0D1408004AF725 /* MyCalendarViewController.swift in Sources */,
				5893735F1D19CB6900D6C88C /* signupAdminViewController.swift in Sources */,
				58D40A9C1D0BA40F00609730 /* AppDelegate.swift in Sources */,
				133026721D12E1B500F13A12 /* Details.swift in Sources */,
				133026711D12E1B500F13A12 /* MyCell.swift in Sources */,
				13D8D3231D10523200648C10 /* detailViewController.swift in Sources */,
				13B6C1AA1D12A30A0009C5A3 /* dataManager.m in Sources */,
				133026731D12E1B500F13A12 /* Global.swift in Sources */,
			);
			runOnlyForDeploymentPostprocessing = 0;
		};
		58D40AA81D0BA40F00609730 /* Sources */ = {
			isa = PBXSourcesBuildPhase;
			buildActionMask = 2147483647;
			files = (
				58D40AB11D0BA40F00609730 /* cateringprojectTests.swift in Sources */,
			);
			runOnlyForDeploymentPostprocessing = 0;
		};
		58D40AB31D0BA40F00609730 /* Sources */ = {
			isa = PBXSourcesBuildPhase;
			buildActionMask = 2147483647;
			files = (
				58D40ABC1D0BA40F00609730 /* cateringprojectUITests.swift in Sources */,
			);
			runOnlyForDeploymentPostprocessing = 0;
		};
/* End PBXSourcesBuildPhase section */

/* Begin PBXTargetDependency section */
		585EA4251D14F5D800C50B5B /* PBXTargetDependency */ = {
			isa = PBXTargetDependency;
			target = 585EA4191D14F5D800C50B5B /* todayextensionclass */;
			targetProxy = 585EA4241D14F5D800C50B5B /* PBXContainerItemProxy */;
		};
		58D40AAE1D0BA40F00609730 /* PBXTargetDependency */ = {
			isa = PBXTargetDependency;
			target = 58D40A971D0BA40F00609730 /* cateringproject */;
			targetProxy = 58D40AAD1D0BA40F00609730 /* PBXContainerItemProxy */;
		};
		58D40AB91D0BA40F00609730 /* PBXTargetDependency */ = {
			isa = PBXTargetDependency;
			target = 58D40A971D0BA40F00609730 /* cateringproject */;
			targetProxy = 58D40AB81D0BA40F00609730 /* PBXContainerItemProxy */;
		};
/* End PBXTargetDependency section */

/* Begin PBXVariantGroup section */
		585EA4201D14F5D800C50B5B /* MainInterface.storyboard */ = {
			isa = PBXVariantGroup;
			children = (
				585EA4211D14F5D800C50B5B /* Base */,
			);
			name = MainInterface.storyboard;
			sourceTree = "<group>";
		};
		58D40A9F1D0BA40F00609730 /* Main.storyboard */ = {
			isa = PBXVariantGroup;
			children = (
				58D40AA01D0BA40F00609730 /* Base */,
			);
			name = Main.storyboard;
			sourceTree = "<group>";
		};
		58D40AA41D0BA40F00609730 /* LaunchScreen.storyboard */ = {
			isa = PBXVariantGroup;
			children = (
				58D40AA51D0BA40F00609730 /* Base */,
			);
			name = LaunchScreen.storyboard;
			sourceTree = "<group>";
		};
/* End PBXVariantGroup section */

/* Begin XCBuildConfiguration section */
		585EA4271D14F5D800C50B5B /* Debug */ = {
			isa = XCBuildConfiguration;
			buildSettings = {
				CODE_SIGN_ENTITLEMENTS = todayextensionclass/todayextensionclass.entitlements;
				CODE_SIGN_IDENTITY = "iPhone Developer";
				"CODE_SIGN_IDENTITY[sdk=iphoneos*]" = "iPhone Developer";
				INFOPLIST_FILE = todayextensionclass/Info.plist;
				LD_RUNPATH_SEARCH_PATHS = "$(inherited) @executable_path/Frameworks @executable_path/../../Frameworks";
				PRODUCT_BUNDLE_IDENTIFIER = amith.cateringproject.todayextensionclass;
				PRODUCT_NAME = "$(TARGET_NAME)";
				SKIP_INSTALL = YES;
			};
			name = Debug;
		};
		585EA4281D14F5D800C50B5B /* Release */ = {
			isa = XCBuildConfiguration;
			buildSettings = {
				CODE_SIGN_ENTITLEMENTS = todayextensionclass/todayextensionclass.entitlements;
				CODE_SIGN_IDENTITY = "iPhone Developer";
				"CODE_SIGN_IDENTITY[sdk=iphoneos*]" = "iPhone Developer";
				INFOPLIST_FILE = todayextensionclass/Info.plist;
				LD_RUNPATH_SEARCH_PATHS = "$(inherited) @executable_path/Frameworks @executable_path/../../Frameworks";
				PRODUCT_BUNDLE_IDENTIFIER = amith.cateringproject.todayextensionclass;
				PRODUCT_NAME = "$(TARGET_NAME)";
				SKIP_INSTALL = YES;
			};
			name = Release;
		};
		58D40ABE1D0BA40F00609730 /* Debug */ = {
			isa = XCBuildConfiguration;
			buildSettings = {
				ALWAYS_SEARCH_USER_PATHS = NO;
				CLANG_ANALYZER_NONNULL = YES;
				CLANG_CXX_LANGUAGE_STANDARD = "gnu++0x";
				CLANG_CXX_LIBRARY = "libc++";
				CLANG_ENABLE_MODULES = YES;
				CLANG_ENABLE_OBJC_ARC = YES;
				CLANG_WARN_BOOL_CONVERSION = YES;
				CLANG_WARN_CONSTANT_CONVERSION = YES;
				CLANG_WARN_DIRECT_OBJC_ISA_USAGE = YES_ERROR;
				CLANG_WARN_EMPTY_BODY = YES;
				CLANG_WARN_ENUM_CONVERSION = YES;
				CLANG_WARN_INT_CONVERSION = YES;
				CLANG_WARN_OBJC_ROOT_CLASS = YES_ERROR;
				CLANG_WARN_UNREACHABLE_CODE = YES;
				CLANG_WARN__DUPLICATE_METHOD_MATCH = YES;
				"CODE_SIGN_IDENTITY[sdk=iphoneos*]" = "iPhone Developer";
				COPY_PHASE_STRIP = NO;
				DEBUG_INFORMATION_FORMAT = dwarf;
				ENABLE_STRICT_OBJC_MSGSEND = YES;
				ENABLE_TESTABILITY = YES;
				GCC_C_LANGUAGE_STANDARD = gnu99;
				GCC_DYNAMIC_NO_PIC = NO;
				GCC_NO_COMMON_BLOCKS = YES;
				GCC_OPTIMIZATION_LEVEL = 0;
				GCC_PREPROCESSOR_DEFINITIONS = (
					"DEBUG=1",
					"$(inherited)",
				);
				GCC_WARN_64_TO_32_BIT_CONVERSION = YES;
				GCC_WARN_ABOUT_RETURN_TYPE = YES_ERROR;
				GCC_WARN_UNDECLARED_SELECTOR = YES;
				GCC_WARN_UNINITIALIZED_AUTOS = YES_AGGRESSIVE;
				GCC_WARN_UNUSED_FUNCTION = YES;
				GCC_WARN_UNUSED_VARIABLE = YES;
				IPHONEOS_DEPLOYMENT_TARGET = 9.3;
				MTL_ENABLE_DEBUG_INFO = YES;
				ONLY_ACTIVE_ARCH = YES;
				SDKROOT = iphoneos;
				SWIFT_OPTIMIZATION_LEVEL = "-Onone";
			};
			name = Debug;
		};
		58D40ABF1D0BA40F00609730 /* Release */ = {
			isa = XCBuildConfiguration;
			buildSettings = {
				ALWAYS_SEARCH_USER_PATHS = NO;
				CLANG_ANALYZER_NONNULL = YES;
				CLANG_CXX_LANGUAGE_STANDARD = "gnu++0x";
				CLANG_CXX_LIBRARY = "libc++";
				CLANG_ENABLE_MODULES = YES;
				CLANG_ENABLE_OBJC_ARC = YES;
				CLANG_WARN_BOOL_CONVERSION = YES;
				CLANG_WARN_CONSTANT_CONVERSION = YES;
				CLANG_WARN_DIRECT_OBJC_ISA_USAGE = YES_ERROR;
				CLANG_WARN_EMPTY_BODY = YES;
				CLANG_WARN_ENUM_CONVERSION = YES;
				CLANG_WARN_INT_CONVERSION = YES;
				CLANG_WARN_OBJC_ROOT_CLASS = YES_ERROR;
				CLANG_WARN_UNREACHABLE_CODE = YES;
				CLANG_WARN__DUPLICATE_METHOD_MATCH = YES;
				"CODE_SIGN_IDENTITY[sdk=iphoneos*]" = "iPhone Developer";
				COPY_PHASE_STRIP = NO;
				DEBUG_INFORMATION_FORMAT = "dwarf-with-dsym";
				ENABLE_NS_ASSERTIONS = NO;
				ENABLE_STRICT_OBJC_MSGSEND = YES;
				GCC_C_LANGUAGE_STANDARD = gnu99;
				GCC_NO_COMMON_BLOCKS = YES;
				GCC_WARN_64_TO_32_BIT_CONVERSION = YES;
				GCC_WARN_ABOUT_RETURN_TYPE = YES_ERROR;
				GCC_WARN_UNDECLARED_SELECTOR = YES;
				GCC_WARN_UNINITIALIZED_AUTOS = YES_AGGRESSIVE;
				GCC_WARN_UNUSED_FUNCTION = YES;
				GCC_WARN_UNUSED_VARIABLE = YES;
				IPHONEOS_DEPLOYMENT_TARGET = 9.3;
				MTL_ENABLE_DEBUG_INFO = NO;
				SDKROOT = iphoneos;
				VALIDATE_PRODUCT = YES;
			};
			name = Release;
		};
		58D40AC11D0BA40F00609730 /* Debug */ = {
			isa = XCBuildConfiguration;
			baseConfigurationReference = D6B8D8A0E01FDC13B6A8D4AF /* Pods-cateringproject.debug.xcconfig */;
			buildSettings = {
				ASSETCATALOG_COMPILER_APPICON_NAME = AppIcon;
				CLANG_ENABLE_MODULES = YES;
				CODE_SIGN_ENTITLEMENTS = cateringproject/cateringproject.entitlements;
				CODE_SIGN_IDENTITY = "iPhone Developer";
				"CODE_SIGN_IDENTITY[sdk=iphoneos*]" = "iPhone Developer";
				EMBEDDED_CONTENT_CONTAINS_SWIFT = YES;
				FRAMEWORK_SEARCH_PATHS = (
					"$(inherited)",
					"$(PROJECT_DIR)",
					"\"$(SRCROOT)\"",
				);
				INFOPLIST_FILE = cateringproject/Info.plist;
				LD_RUNPATH_SEARCH_PATHS = "$(inherited) @executable_path/Frameworks";
				PRODUCT_BUNDLE_IDENTIFIER = amith.cateringproject;
				PRODUCT_NAME = "$(TARGET_NAME)";
				PROVISIONING_PROFILE = "";
				SWIFT_OBJC_BRIDGING_HEADER = "cateringproject/cateringproject-Bridging-Header.h";
				SWIFT_OPTIMIZATION_LEVEL = "-Onone";
			};
			name = Debug;
		};
		58D40AC21D0BA40F00609730 /* Release */ = {
			isa = XCBuildConfiguration;
			baseConfigurationReference = 3D8C96EFEA330F1395195349 /* Pods-cateringproject.release.xcconfig */;
			buildSettings = {
				ASSETCATALOG_COMPILER_APPICON_NAME = AppIcon;
				CLANG_ENABLE_MODULES = YES;
				CODE_SIGN_ENTITLEMENTS = cateringproject/cateringproject.entitlements;
				CODE_SIGN_IDENTITY = "iPhone Developer";
				"CODE_SIGN_IDENTITY[sdk=iphoneos*]" = "iPhone Developer";
				EMBEDDED_CONTENT_CONTAINS_SWIFT = YES;
				FRAMEWORK_SEARCH_PATHS = (
					"$(inherited)",
					"$(PROJECT_DIR)",
				);
				INFOPLIST_FILE = cateringproject/Info.plist;
				LD_RUNPATH_SEARCH_PATHS = "$(inherited) @executable_path/Frameworks";
				PRODUCT_BUNDLE_IDENTIFIER = amith.cateringproject;
				PRODUCT_NAME = "$(TARGET_NAME)";
				PROVISIONING_PROFILE = "";
				SWIFT_OBJC_BRIDGING_HEADER = "cateringproject/cateringproject-Bridging-Header.h";
			};
			name = Release;
		};
		58D40AC41D0BA40F00609730 /* Debug */ = {
			isa = XCBuildConfiguration;
			baseConfigurationReference = B44EA57404FA6860030D82C2 /* Pods-cateringprojectTests.debug.xcconfig */;
			buildSettings = {
				BUNDLE_LOADER = "$(TEST_HOST)";
				INFOPLIST_FILE = cateringprojectTests/Info.plist;
				LD_RUNPATH_SEARCH_PATHS = "$(inherited) @executable_path/Frameworks @loader_path/Frameworks";
				PRODUCT_BUNDLE_IDENTIFIER = amith.cateringprojectTests;
				PRODUCT_NAME = "$(TARGET_NAME)";
				TEST_HOST = "$(BUILT_PRODUCTS_DIR)/cateringproject.app/cateringproject";
			};
			name = Debug;
		};
		58D40AC51D0BA40F00609730 /* Release */ = {
			isa = XCBuildConfiguration;
			baseConfigurationReference = 686D2A8BD0E0264DE54B2227 /* Pods-cateringprojectTests.release.xcconfig */;
			buildSettings = {
				BUNDLE_LOADER = "$(TEST_HOST)";
				INFOPLIST_FILE = cateringprojectTests/Info.plist;
				LD_RUNPATH_SEARCH_PATHS = "$(inherited) @executable_path/Frameworks @loader_path/Frameworks";
				PRODUCT_BUNDLE_IDENTIFIER = amith.cateringprojectTests;
				PRODUCT_NAME = "$(TARGET_NAME)";
				TEST_HOST = "$(BUILT_PRODUCTS_DIR)/cateringproject.app/cateringproject";
			};
			name = Release;
		};
		58D40AC71D0BA40F00609730 /* Debug */ = {
			isa = XCBuildConfiguration;
			baseConfigurationReference = 66A08C73C3F854925C300214 /* Pods-cateringprojectUITests.debug.xcconfig */;
			buildSettings = {
				INFOPLIST_FILE = cateringprojectUITests/Info.plist;
				LD_RUNPATH_SEARCH_PATHS = "$(inherited) @executable_path/Frameworks @loader_path/Frameworks";
				PRODUCT_BUNDLE_IDENTIFIER = amith.cateringprojectUITests;
				PRODUCT_NAME = "$(TARGET_NAME)";
				TEST_TARGET_NAME = cateringproject;
			};
			name = Debug;
		};
		58D40AC81D0BA40F00609730 /* Release */ = {
			isa = XCBuildConfiguration;
			baseConfigurationReference = 49454F89D59D2A4024666DFB /* Pods-cateringprojectUITests.release.xcconfig */;
			buildSettings = {
				INFOPLIST_FILE = cateringprojectUITests/Info.plist;
				LD_RUNPATH_SEARCH_PATHS = "$(inherited) @executable_path/Frameworks @loader_path/Frameworks";
				PRODUCT_BUNDLE_IDENTIFIER = amith.cateringprojectUITests;
				PRODUCT_NAME = "$(TARGET_NAME)";
				TEST_TARGET_NAME = cateringproject;
			};
			name = Release;
		};
/* End XCBuildConfiguration section */

/* Begin XCConfigurationList section */
		585EA4291D14F5D800C50B5B /* Build configuration list for PBXNativeTarget "todayextensionclass" */ = {
			isa = XCConfigurationList;
			buildConfigurations = (
				585EA4271D14F5D800C50B5B /* Debug */,
				585EA4281D14F5D800C50B5B /* Release */,
			);
			defaultConfigurationIsVisible = 0;
			defaultConfigurationName = Release;
		};
		58D40A931D0BA40F00609730 /* Build configuration list for PBXProject "cateringproject" */ = {
			isa = XCConfigurationList;
			buildConfigurations = (
				58D40ABE1D0BA40F00609730 /* Debug */,
				58D40ABF1D0BA40F00609730 /* Release */,
			);
			defaultConfigurationIsVisible = 0;
			defaultConfigurationName = Release;
		};
		58D40AC01D0BA40F00609730 /* Build configuration list for PBXNativeTarget "cateringproject" */ = {
			isa = XCConfigurationList;
			buildConfigurations = (
				58D40AC11D0BA40F00609730 /* Debug */,
				58D40AC21D0BA40F00609730 /* Release */,
			);
			defaultConfigurationIsVisible = 0;
			defaultConfigurationName = Release;
		};
		58D40AC31D0BA40F00609730 /* Build configuration list for PBXNativeTarget "cateringprojectTests" */ = {
			isa = XCConfigurationList;
			buildConfigurations = (
				58D40AC41D0BA40F00609730 /* Debug */,
				58D40AC51D0BA40F00609730 /* Release */,
			);
			defaultConfigurationIsVisible = 0;
			defaultConfigurationName = Release;
		};
		58D40AC61D0BA40F00609730 /* Build configuration list for PBXNativeTarget "cateringprojectUITests" */ = {
			isa = XCConfigurationList;
			buildConfigurations = (
				58D40AC71D0BA40F00609730 /* Debug */,
				58D40AC81D0BA40F00609730 /* Release */,
			);
			defaultConfigurationIsVisible = 0;
			defaultConfigurationName = Release;
		};
/* End XCConfigurationList section */
	};
	rootObject = 58D40A901D0BA40F00609730 /* Project object */;
}
